{
  "lockfileVersion": 1,
  "workspaces": {
    "": {
      "devDependencies": {
        "@types/bun": "latest",
        "bun": "^1.2.4",
        "bun-types": "^1.2.4",
      },
      "peerDependencies": {
        "typescript": "^5",
      },
    },
  },
  "packages": {
    "@oven/bun-darwin-aarch64": ["@oven/bun-darwin-aarch64@1.2.4", "", { "os": "darwin", "cpu": "arm64" }, "sha512-xBz/Q7X6AFwMg7MXtBemjjt5uB+tvEYBmi9Zbm1r8qnI2V8m/Smuhma0EARhiVfLuIAYj2EM5qjzxeAFV4TBJA=="],

    "@oven/bun-darwin-x64": ["@oven/bun-darwin-x64@1.2.4", "", { "os": "darwin", "cpu": "x64" }, "sha512-ufyty+2754QCFDhq447H39JiqabMlFRItLn1YFp+2hdpKak7KCYLGOUuHnlr1pmImKJzDHURjnvTTq1QRlUWAA=="],

    "@oven/bun-darwin-x64-baseline": ["@oven/bun-darwin-x64-baseline@1.2.4", "", { "os": "darwin", "cpu": "x64" }, "sha512-stsq8vBiYgfGunBGlf2M7ST7Ymyw3WnwrxEeJ04vkKmMEEE2LpX8Rkol6UPRvZawab9s9/scFIRgFi6hu9H4SQ=="],

    "@oven/bun-linux-aarch64": ["@oven/bun-linux-aarch64@1.2.4", "", { "os": "linux", "cpu": "arm64" }, "sha512-OhVpzme2vvLA7w8GYeJg2SQ2h2CwJQN9oYDiGeoML4EwE+DEoYHdxgaBZsQySOwZtFIr8ufpc/8iD4hssJ50qg=="],

    "@oven/bun-linux-aarch64-musl": ["@oven/bun-linux-aarch64-musl@1.2.4", "", { "os": "linux", "cpu": "none" }, "sha512-+lxWF7up9MuB1ZdGxXCH3AH3XmYtdBC6soQ38+yg3+y3iOPrAlSG+wytHEkypN/UU2mGvCuaEED3cMvejrGdDw=="],

    "@oven/bun-linux-x64": ["@oven/bun-linux-x64@1.2.4", "", { "os": "linux", "cpu": "x64" }, "sha512-oof3ii92Cz2yIOZRbVFHMHmffCutRPFITIdXLZ2/rkqVuKUe0ZdqWjHPhxJFm31AL9MlJ/dSqDbPb51SaLI7tw=="],

    "@oven/bun-linux-x64-baseline": ["@oven/bun-linux-x64-baseline@1.2.4", "", { "os": "linux", "cpu": "x64" }, "sha512-3nmDDZJH73MzhBg2sRYioj4CE8wgaz0w24OieMqj4/c44BbNr3X5RewrldsMD2cU6DtVbi52FuD5WpTw3N8nmw=="],

    "@oven/bun-linux-x64-musl": ["@oven/bun-linux-x64-musl@1.2.4", "", { "os": "linux", "cpu": "x64" }, "sha512-cLdMbK7srNoUbYSG3Tp4GYdPAO0+5mgUhdbU053GZs0DLQmQ8h1JQhALp+ZjrUWstmQe7ddcNu7l7EAu6E76XA=="],

    "@oven/bun-linux-x64-musl-baseline": ["@oven/bun-linux-x64-musl-baseline@1.2.4", "", { "os": "linux", "cpu": "x64" }, "sha512-qDsUvKCW0WUlVOt6Yx5eEzxgCbvzuSJBsu0sXtr6uGt8TnMKghmliRO5FmiMLQ0k/PUDA8vPJCtuv5k14bDi6g=="],

    "@oven/bun-windows-x64": ["@oven/bun-windows-x64@1.2.4", "", { "os": "win32", "cpu": "x64" }, "sha512-4YRJd4pdaTWEM+uawYmchOeNv874RGAFpIZQubWnN4SBf6HfcDm0OMMZcm0f0I70Wd5gbPg1+rvCRtDZWVmZog=="],

    "@oven/bun-windows-x64-baseline": ["@oven/bun-windows-x64-baseline@1.2.4", "", { "os": "win32", "cpu": "x64" }, "sha512-j/G4bnfsRAiCvpTADda40m29iSGvueIaF9Kc9hBu4jN8dTS9fEXdNNXuf8c30/z7/npxw2dhzsAn8jbc5QvD1A=="],

    "@types/bun": ["@types/bun@1.2.4", "", { "dependencies": { "bun-types": "1.2.4" } }, "sha512-QtuV5OMR8/rdKJs213iwXDpfVvnskPXY/S0ZiFbsTjQZycuqPbMW8Gf/XhLfwE5njW8sxI2WjISURXPlHypMFA=="],

    "@types/node": ["@types/node@22.13.8", "", { "dependencies": { "undici-types": "~6.20.0" } }, "sha512-G3EfaZS+iOGYWLLRCEAXdWK9my08oHNZ+FHluRiggIYJPOXzhOiDgpVCUHaUvyIC5/fj7C/p637jdzC666AOKQ=="],

    "@types/ws": ["@types/ws@8.5.14", "", { "dependencies": { "@types/node": "*" } }, "sha512-bd/YFLW+URhBzMXurx7lWByOu+xzU9+kb3RboOteXYDfW+tr+JZa99OyNmPINEGB/ahzKrEuc8rcv4gnpJmxTw=="],

    "bun": ["bun@1.2.4", "", { "optionalDependencies": { "@oven/bun-darwin-aarch64": "1.2.4", "@oven/bun-darwin-x64": "1.2.4", "@oven/bun-darwin-x64-baseline": "1.2.4", "@oven/bun-linux-aarch64": "1.2.4", "@oven/bun-linux-aarch64-musl": "1.2.4", "@oven/bun-linux-x64": "1.2.4", "@oven/bun-linux-x64-baseline": "1.2.4", "@oven/bun-linux-x64-musl": "1.2.4", "@oven/bun-linux-x64-musl-baseline": "1.2.4", "@oven/bun-windows-x64": "1.2.4", "@oven/bun-windows-x64-baseline": "1.2.4" }, "os": [ "linux", "win32", "darwin", ], "cpu": [ "x64", "arm64", ], "bin": { "bun": "bin/bun.exe", "bunx": "bin/bun.exe" } }, "sha512-ZY0EZ/UKqheaLeAtMsfJA6jWoWvV9HAtfFaOJSmS3LrNpFKs1Sg5fZLSsczN1h3a+Dtheo4O3p3ZYWrf40kRGw=="],

    "bun-types": ["bun-types@1.2.4", "", { "dependencies": { "@types/node": "*", "@types/ws": "~8.5.10" } }, "sha512-nDPymR207ZZEoWD4AavvEaa/KZe/qlrbMSchqpQwovPZCKc7pwMoENjEtHgMKaAjJhy+x6vfqSBA1QU3bJgs0Q=="],

    "typescript": ["typescript@5.8.2", "", { "bin": { "tsc": "bin/tsc", "tsserver": "bin/tsserver" } }, "sha512-aJn6wq13/afZp/jT9QZmwEjDqqvSGp1VT5GVg+f/t6/oVyrgXM6BY1h9BRh/O5p3PlUPAe+WuiEZOmb/49RqoQ=="],

    "undici-types": ["undici-types@6.20.0", "", {}, "sha512-Ny6QZ2Nju20vw1SRHe3d9jVu6gJ+4e3+MMpqu7pqE5HT6WsTSlce++GQmK5UXS8mzV8DSYHrQH+Xrf2jVcuKNg=="],
  }
}
